
Microsoft Visual Studio Solution File, Format Version 12.00
# Visual Studio 15
VisualStudioVersion = 15.0.28307.1169
MinimumVisualStudioVersion = 10.0.40219.1
Project("{8BC9CEB8-8B4A-11D0-8D11-00A0C91BC942}") = "Assignment_4", "Assignment_4\Assignment_4.vcxproj", "{F9728042-7275-4DA7-9423-C83A65EB164A}"
EndProject
Global
	GlobalSection(SolutionConfigurationPlatforms) = preSolution
		Debug|x64 = Debug|x64
		Debug|x86 = Debug|x86
		Release|x64 = Release|x64
		Release|x86 = Release|x86
	EndGlobalSection
	GlobalSection(ProjectConfigurationPlatforms) = postSolution
		{F9728042-7275-4DA7-9423-C83A65EB164A}.Debug|x64.ActiveCfg = Debug|x64
		{F9728042-7275-4DA7-9423-C83A65EB164A}.Debug|x64.Build.0 = Debug|x64
		{F9728042-7275-4DA7-9423-C83A65EB164A}.Debug|x86.ActiveCfg = Debug|Win32
		{F9728042-7275-4DA7-9423-C83A65EB164A}.Debug|x86.Build.0 = Debug|Win32
		{F9728042-7275-4DA7-9423-C83A65EB164A}.Release|x64.ActiveCfg = Release|x64
		{F9728042-7275-4DA7-9423-C83A65EB164A}.Release|x64.Build.0 = Release|x64
		{F9728042-7275-4DA7-9423-C83A65EB164A}.Release|x86.ActiveCfg = Release|Win32
		{F9728042-7275-4DA7-9423-C83A65EB164A}.Release|x86.Build.0 = Release|Win32
	EndGlobalSection
	GlobalSection(SolutionProperties) = preSolution
		HideSolutionNode = FALSE
	EndGlobalSection
	GlobalSection(ExtensibilityGlobals) = postSolution
		SolutionGuid = {70F17686-3D0A-4A76-B09A-F76F9FC6C6F2}
	EndGlobalSection
EndGlobal
